<?xml version="1.0" encoding="utf-8"?>
<Project ToolsVersion="4.0" xmlns="http://schemas.microsoft.com/developer/msbuild/2003">
  <ItemGroup>
    <Filter Include="Random">
      <UniqueIdentifier>{cd6e107f-279f-46d0-aeec-a4761b34bfd5}</UniqueIdentifier>
    </Filter>
    <Filter Include="Components">
      <UniqueIdentifier>{4018c5c1-46a2-46da-ac83-9fa9dfb97857}</UniqueIdentifier>
    </Filter>
    <Filter Include="Communication">
      <UniqueIdentifier>{112179a8-fbc0-4ea0-8608-c00e4ddd9c22}</UniqueIdentifier>
    </Filter>
    <Filter Include="Main">
      <UniqueIdentifier>{2aab3ad2-e188-4921-8caa-a5ed1fbbdaca}</UniqueIdentifier>
    </Filter>
    <Filter Include="Data Structures">
      <UniqueIdentifier>{607f1197-faca-4fe1-9836-aa1aa86811f4}</UniqueIdentifier>
    </Filter>
    <Filter Include="Display">
      <UniqueIdentifier>{19fb98dc-de37-4a6d-8d8e-71cb5f336e12}</UniqueIdentifier>
    </Filter>
    <Filter Include="Configuration">
      <UniqueIdentifier>{9f220d62-8a12-4c04-8475-d882a271b651}</UniqueIdentifier>
    </Filter>
    <Filter Include="Utility Functions">
      <UniqueIdentifier>{d1181b92-46a8-4438-a222-002701451ebd}</UniqueIdentifier>
    </Filter>
  </ItemGroup>
  <ItemGroup>
    <ClCompile Include="..\Random.cpp">
      <Filter>Random</Filter>
    </ClCompile>
    <ClCompile Include="..\RandomExponential.cpp">
      <Filter>Random</Filter>
    </ClCompile>
    <ClCompile Include="..\RandomNormal.cpp">
      <Filter>Random</Filter>
    </ClCompile>
    <ClCompile Include="..\RandomPoisson.cpp">
      <Filter>Random</Filter>
    </ClCompile>
    <ClCompile Include="..\Component.cpp">
      <Filter>Components</Filter>
    </ClCompile>
    <ClCompile Include="..\ComponentCategory.cpp">
      <Filter>Components</Filter>
    </ClCompile>
    <ClCompile Include="..\ComponentEditor.cpp">
      <Filter>Components</Filter>
    </ClCompile>
    <ClCompile Include="..\ComponentTrigger.cpp">
      <Filter>Components</Filter>
    </ClCompile>
    <ClCompile Include="..\CommunicationCommandHandler.cpp">
      <Filter>Communication</Filter>
    </ClCompile>
    <ClCompile Include="..\CommunicationInterface.cpp">
      <Filter>Communication</Filter>
    </ClCompile>
    <ClCompile Include="..\CommunicationMessage.cpp">
      <Filter>Communication</Filter>
    </ClCompile>
    <ClCompile Include="..\CommunicationNMEAInterface.cpp">
      <Filter>Communication</Filter>
    </ClCompile>
    <ClCompile Include="..\NMEALog.cpp">
      <Filter>Communication</Filter>
    </ClCompile>
    <ClCompile Include="..\ErrorList.cpp">
      <Filter>Main</Filter>
    </ClCompile>
    <ClCompile Include="..\ErrorListItem.cpp">
      <Filter>Main</Filter>
    </ClCompile>
    <ClCompile Include="..\StatusItem.cpp">
      <Filter>Main</Filter>
    </ClCompile>
    <ClCompile Include="..\SwisTrackCore.cpp">
      <Filter>Main</Filter>
    </ClCompile>
    <ClCompile Include="..\SwisTrackCoreEditor.cpp">
      <Filter>Main</Filter>
    </ClCompile>
    <ClCompile Include="..\SwisTrackCoreEventRecorder.cpp">
      <Filter>Main</Filter>
    </ClCompile>
    <ClCompile Include="..\SwisTrackCoreInterface.cpp">
      <Filter>Main</Filter>
    </ClCompile>
    <ClCompile Include="..\SwisTrackCoreTrigger.cpp">
      <Filter>Main</Filter>
    </ClCompile>
    <ClCompile Include="..\DataStructure.cpp">
      <Filter>Data Structures</Filter>
    </ClCompile>
    <ClCompile Include="..\DataStructureImage.cpp">
      <Filter>Data Structures</Filter>
    </ClCompile>
    <ClCompile Include="..\DataStructureInput.cpp">
      <Filter>Data Structures</Filter>
    </ClCompile>
    <ClCompile Include="..\DataStructureParticles.cpp">
      <Filter>Data Structures</Filter>
    </ClCompile>
    <ClCompile Include="..\DataStructureTracks.cpp">
      <Filter>Data Structures</Filter>
    </ClCompile>
    <ClCompile Include="..\Particle.cpp">
      <Filter>Data Structures</Filter>
    </ClCompile>
    <ClCompile Include="..\Track.cpp">
      <Filter>Data Structures</Filter>
    </ClCompile>
    <ClCompile Include="..\Display.cpp">
      <Filter>Display</Filter>
    </ClCompile>
    <ClCompile Include="..\DisplayEditor.cpp">
      <Filter>Display</Filter>
    </ClCompile>
    <ClCompile Include="..\DisplayRenderer.cpp">
      <Filter>Display</Filter>
    </ClCompile>
    <ClCompile Include="..\DisplaySubscriberInterface.cpp">
      <Filter>Display</Filter>
    </ClCompile>
    <ClCompile Include="..\ConfigurationConversion.cpp">
      <Filter>Configuration</Filter>
    </ClCompile>
    <ClCompile Include="..\ConfigurationReaderXML.cpp">
      <Filter>Configuration</Filter>
    </ClCompile>
    <ClCompile Include="..\ConfigurationWriterXML.cpp">
      <Filter>Configuration</Filter>
    </ClCompile>
    <ClCompile Include="..\ConfigurationXML.cpp">
      <Filter>Configuration</Filter>
    </ClCompile>
    <ClCompile Include="..\Utility.cpp">
      <Filter>Utility Functions</Filter>
    </ClCompile>
    <ClCompile Include="..\ComponentBinaryBlur.cpp">
      <Filter>Components</Filter>
    </ClCompile>
    <ClCompile Include="..\ComponentChannelCalculationColor.cpp">
      <Filter>Components</Filter>
    </ClCompile>
    <ClCompile Include="..\ComponentChannelCalculationColorToGray.cpp">
      <Filter>Components</Filter>
    </ClCompile>
    <ClCompile Include="..\ComponentChannelCalculationGray.cpp">
      <Filter>Components</Filter>
    </ClCompile>
    <ClCompile Include="..\ComponentColorGaussianBlur.cpp">
      <Filter>Components</Filter>
    </ClCompile>
    <ClCompile Include="..\ComponentConvertBinaryToColor.cpp">
      <Filter>Components</Filter>
    </ClCompile>
    <ClCompile Include="..\ComponentConvertBinaryToGray.cpp">
      <Filter>Components</Filter>
    </ClCompile>
    <ClCompile Include="..\ComponentConvertColorToGray.cpp">
      <Filter>Components</Filter>
    </ClCompile>
    <ClCompile Include="..\ComponentConvertGrayToColor.cpp">
      <Filter>Components</Filter>
    </ClCompile>
    <ClCompile Include="..\ComponentConvertInputToColor.cpp">
      <Filter>Components</Filter>
    </ClCompile>
    <ClCompile Include="..\ComponentConvertInputToGray.cpp">
      <Filter>Components</Filter>
    </ClCompile>
    <ClCompile Include="..\ComponentCorrectMean.cpp">
      <Filter>Components</Filter>
    </ClCompile>
    <ClCompile Include="..\ComponentCropBinary.cpp">
      <Filter>Components</Filter>
    </ClCompile>
    <ClCompile Include="..\ComponentCropColor.cpp">
      <Filter>Components</Filter>
    </ClCompile>
    <ClCompile Include="..\ComponentCropGray.cpp">
      <Filter>Components</Filter>
    </ClCompile>
    <ClCompile Include="..\ComponentCropInput.cpp">
      <Filter>Components</Filter>
    </ClCompile>
    <ClCompile Include="..\ComponentOutputBufferedFileAVI.cpp">
      <Filter>Components</Filter>
    </ClCompile>
    <ClCompile Include="..\ComponentOutputSQLite.cpp">
      <Filter>Components</Filter>
    </ClCompile>
    <ClCompile Include="..\ComponentWeightedSum.cpp">
      <Filter>Components</Filter>
    </ClCompile>
    <ClCompile Include="..\ComponentTriggerCounter.cpp">
      <Filter>Components</Filter>
    </ClCompile>
    <ClCompile Include="..\ComponentTriggerTimer.cpp">
      <Filter>Components</Filter>
    </ClCompile>
    <ClCompile Include="..\ComponentInputCameraUSB.cpp">
      <Filter>Components</Filter>
    </ClCompile>
    <ClCompile Include="..\ComponentInputFileAVI.cpp">
      <Filter>Components</Filter>
    </ClCompile>
    <ClCompile Include="..\ComponentInputFileImage.cpp">
      <Filter>Components</Filter>
    </ClCompile>
    <ClCompile Include="..\ComponentConvertBayerToColor.cpp">
      <Filter>Components</Filter>
    </ClCompile>
    <ClCompile Include="..\ComponentAdaptiveBackgroundSubtractionColor.cpp">
      <Filter>Components</Filter>
    </ClCompile>
    <ClCompile Include="..\ComponentAdaptiveBackgroundSubtractionMedian.cpp">
      <Filter>Components</Filter>
    </ClCompile>
    <ClCompile Include="..\ComponentBackgroundSubtractionColor.cpp">
      <Filter>Components</Filter>
    </ClCompile>
    <ClCompile Include="..\ComponentCannyEdgeDetection.cpp">
      <Filter>Components</Filter>
    </ClCompile>
    <ClCompile Include="..\ComponentColorBlur.cpp">
      <Filter>Components</Filter>
    </ClCompile>
    <ClCompile Include="..\ComponentColorMask.cpp">
      <Filter>Components</Filter>
    </ClCompile>
    <ClCompile Include="..\ComponentColorSwapper.cpp">
      <Filter>Components</Filter>
    </ClCompile>
    <ClCompile Include="..\ComponentSpecificColorSubtraction.cpp">
      <Filter>Components</Filter>
    </ClCompile>
    <ClCompile Include="..\ComponentAdaptiveThreshold.cpp">
      <Filter>Components</Filter>
    </ClCompile>
    <ClCompile Include="..\ComponentDoubleThresholdColorIndependent.cpp">
      <Filter>Components</Filter>
    </ClCompile>
    <ClCompile Include="..\ComponentThresholdColorIndependent.cpp">
      <Filter>Components</Filter>
    </ClCompile>
    <ClCompile Include="..\ComponentThresholdGray.cpp">
      <Filter>Components</Filter>
    </ClCompile>
    <ClCompile Include="..\ComponentAdaptiveBackgroundSubtractionGray.cpp">
      <Filter>Components</Filter>
    </ClCompile>
    <ClCompile Include="..\ComponentBackgroundSubtractionGray.cpp">
      <Filter>Components</Filter>
    </ClCompile>
    <ClCompile Include="..\ComponentGrayMask.cpp">
      <Filter>Components</Filter>
    </ClCompile>
    <ClCompile Include="..\ComponentSobelDifferentiation.cpp">
      <Filter>Components</Filter>
    </ClCompile>
    <ClCompile Include="..\ComponentBinaryDilation.cpp">
      <Filter>Components</Filter>
    </ClCompile>
    <ClCompile Include="..\ComponentBinaryErosion.cpp">
      <Filter>Components</Filter>
    </ClCompile>
    <ClCompile Include="..\ComponentBinaryMask.cpp">
      <Filter>Components</Filter>
    </ClCompile>
    <ClCompile Include="..\ComponentInvertBinary.cpp">
      <Filter>Components</Filter>
    </ClCompile>
    <ClCompile Include="..\ComponentMorphology.cpp">
      <Filter>Components</Filter>
    </ClCompile>
    <ClCompile Include="..\ComponentBlobDetectionCircularHough.cpp">
      <Filter>Components</Filter>
    </ClCompile>
    <ClCompile Include="..\ComponentBlobDetectionMinMax.cpp">
      <Filter>Components</Filter>
    </ClCompile>
    <ClCompile Include="..\ComponentBlobDetectionRedGreen.cpp">
      <Filter>Components</Filter>
    </ClCompile>
    <ClCompile Include="..\ComponentBlobDetectionTwoColors.cpp">
      <Filter>Components</Filter>
    </ClCompile>
    <ClCompile Include="..\ComponentFilterParticles.cpp">
      <Filter>Components</Filter>
    </ClCompile>
    <ClCompile Include="..\ComponentIDReaderRing.cpp">
      <Filter>Components</Filter>
    </ClCompile>
    <ClCompile Include="..\ComponentSimulationParticles.cpp">
      <Filter>Components</Filter>
    </ClCompile>
    <ClCompile Include="..\ObjectList.cpp">
      <Filter>Components</Filter>
    </ClCompile>
    <ClCompile Include="..\SimulationParticles.cpp">
      <Filter>Components</Filter>
    </ClCompile>
    <ClCompile Include="..\ComponentCalibrationFileTSAI.cpp">
      <Filter>Components</Filter>
    </ClCompile>
    <ClCompile Include="..\ComponentCalibrationLinear.cpp">
      <Filter>Components</Filter>
    </ClCompile>
    <ClCompile Include="..\ComponentCalibrationTSAI.cpp">
      <Filter>Components</Filter>
    </ClCompile>
    <ClCompile Include="..\ComponentNearestNeighborTracking.cpp">
      <Filter>Components</Filter>
    </ClCompile>
    <ClCompile Include="..\ComponentTrackSmoothing.cpp">
      <Filter>Components</Filter>
    </ClCompile>
    <ClCompile Include="..\ComponentOutputFile.cpp">
      <Filter>Components</Filter>
    </ClCompile>
    <ClCompile Include="..\ComponentOutputFileAVI.cpp">
      <Filter>Components</Filter>
    </ClCompile>
    <ClCompile Include="..\ComponentOutputFramesImages.cpp">
      <Filter>Components</Filter>
    </ClCompile>
    <ClCompile Include="..\ComponentOutputImageOverlayColor.cpp">
      <Filter>Components</Filter>
    </ClCompile>
    <ClCompile Include="..\ComponentOutputImageStatisticsBinary.cpp">
      <Filter>Components</Filter>
    </ClCompile>
    <ClCompile Include="..\ComponentOutputImageStatisticsColor.cpp">
      <Filter>Components</Filter>
    </ClCompile>
    <ClCompile Include="..\ComponentOutputImageStatisticsGray.cpp">
      <Filter>Components</Filter>
    </ClCompile>
    <ClCompile Include="..\ComponentOutputMarkFrameManual.cpp">
      <Filter>Components</Filter>
    </ClCompile>
    <ClCompile Include="..\ComponentOutputParticles.cpp">
      <Filter>Components</Filter>
    </ClCompile>
    <ClCompile Include="..\BlobDetection.cpp">
      <Filter>Components</Filter>
    </ClCompile>
    <ClCompile Include="..\BlobMatching.cpp">
      <Filter>Components</Filter>
    </ClCompile>
    <ClCompile Include="..\Expression.cpp">
      <Filter>Components</Filter>
    </ClCompile>
    <ClCompile Include="..\ExpressionNode.cpp">
      <Filter>Components</Filter>
    </ClCompile>
    <ClCompile Include="..\ExpressionParser.cpp">
      <Filter>Components</Filter>
    </ClCompile>
    <ClCompile Include="..\ImageTools.cpp">
      <Filter>Utility Functions</Filter>
    </ClCompile>
    <ClCompile Include="..\CompareWorkaround.cpp">
      <Filter>Utility Functions</Filter>
    </ClCompile>
  </ItemGroup>
  <ItemGroup>
    <ClInclude Include="..\Random.h">
      <Filter>Random</Filter>
    </ClInclude>
    <ClInclude Include="..\RandomExponential.h">
      <Filter>Random</Filter>
    </ClInclude>
    <ClInclude Include="..\RandomMersenneTwister.h">
      <Filter>Random</Filter>
    </ClInclude>
    <ClInclude Include="..\RandomNormal.h">
      <Filter>Random</Filter>
    </ClInclude>
    <ClInclude Include="..\RandomPoisson.h">
      <Filter>Random</Filter>
    </ClInclude>
    <ClInclude Include="..\Component.h">
      <Filter>Components</Filter>
    </ClInclude>
    <ClInclude Include="..\ComponentCategory.h">
      <Filter>Components</Filter>
    </ClInclude>
    <ClInclude Include="..\ComponentEditor.h">
      <Filter>Components</Filter>
    </ClInclude>
    <ClInclude Include="..\ComponentTrigger.h">
      <Filter>Components</Filter>
    </ClInclude>
    <ClInclude Include="..\CommunicationCommandHandler.h">
      <Filter>Communication</Filter>
    </ClInclude>
    <ClInclude Include="..\CommunicationInterface.h">
      <Filter>Communication</Filter>
    </ClInclude>
    <ClInclude Include="..\CommunicationMessage.h">
      <Filter>Communication</Filter>
    </ClInclude>
    <ClInclude Include="..\CommunicationNMEAInterface.h">
      <Filter>Communication</Filter>
    </ClInclude>
    <ClInclude Include="..\NMEALog.h">
      <Filter>Communication</Filter>
    </ClInclude>
    <ClInclude Include="..\ErrorList.h">
      <Filter>Main</Filter>
    </ClInclude>
    <ClInclude Include="..\ErrorListItem.h">
      <Filter>Main</Filter>
    </ClInclude>
    <ClInclude Include="..\StatusItem.h">
      <Filter>Main</Filter>
    </ClInclude>
    <ClInclude Include="..\SwisTrackCore.h">
      <Filter>Main</Filter>
    </ClInclude>
    <ClInclude Include="..\SwisTrackCoreEditor.h">
      <Filter>Main</Filter>
    </ClInclude>
    <ClInclude Include="..\SwisTrackCoreEventRecorder.h">
      <Filter>Main</Filter>
    </ClInclude>
    <ClInclude Include="..\SwisTrackCoreInterface.h">
      <Filter>Main</Filter>
    </ClInclude>
    <ClInclude Include="..\SwisTrackCoreTrigger.h">
      <Filter>Main</Filter>
    </ClInclude>
    <ClInclude Include="..\DataStructure.h">
      <Filter>Data Structures</Filter>
    </ClInclude>
    <ClInclude Include="..\DataStructureImage.h">
      <Filter>Data Structures</Filter>
    </ClInclude>
    <ClInclude Include="..\DataStructureInput.h">
      <Filter>Data Structures</Filter>
    </ClInclude>
    <ClInclude Include="..\DataStructureParticles.h">
      <Filter>Data Structures</Filter>
    </ClInclude>
    <ClInclude Include="..\DataStructureTracks.h">
      <Filter>Data Structures</Filter>
    </ClInclude>
    <ClInclude Include="..\Particle.h">
      <Filter>Data Structures</Filter>
    </ClInclude>
    <ClInclude Include="..\Track.h">
      <Filter>Data Structures</Filter>
    </ClInclude>
    <ClInclude Include="..\Display.h">
      <Filter>Display</Filter>
    </ClInclude>
    <ClInclude Include="..\DisplayEditor.h">
      <Filter>Display</Filter>
    </ClInclude>
    <ClInclude Include="..\DisplayRenderer.h">
      <Filter>Display</Filter>
    </ClInclude>
    <ClInclude Include="..\DisplaySubscriberInterface.h">
      <Filter>Display</Filter>
    </ClInclude>
    <ClInclude Include="..\ConfigurationConversion.h">
      <Filter>Configuration</Filter>
    </ClInclude>
    <ClInclude Include="..\ConfigurationReaderXML.h">
      <Filter>Configuration</Filter>
    </ClInclude>
    <ClInclude Include="..\ConfigurationWriterXML.h">
      <Filter>Configuration</Filter>
    </ClInclude>
    <ClInclude Include="..\ConfigurationXML.h">
      <Filter>Configuration</Filter>
    </ClInclude>
    <ClInclude Include="..\Utility.h">
      <Filter>Utility Functions</Filter>
    </ClInclude>
    <ClInclude Include="..\ComponentBinaryBlur.h">
      <Filter>Components</Filter>
    </ClInclude>
    <ClInclude Include="..\ComponentChannelCalculationColor.h">
      <Filter>Components</Filter>
    </ClInclude>
    <ClInclude Include="..\ComponentChannelCalculationColorToGray.h">
      <Filter>Components</Filter>
    </ClInclude>
    <ClInclude Include="..\ComponentChannelCalculationGray.h">
      <Filter>Components</Filter>
    </ClInclude>
    <ClInclude Include="..\ComponentColorGaussianBlur.h">
      <Filter>Components</Filter>
    </ClInclude>
    <ClInclude Include="..\ComponentColorSwapper.h">
      <Filter>Components</Filter>
    </ClInclude>
    <ClInclude Include="..\ComponentConvertBinaryToColor.h">
      <Filter>Components</Filter>
    </ClInclude>
    <ClInclude Include="..\ComponentConvertBinaryToGray.h">
      <Filter>Components</Filter>
    </ClInclude>
    <ClInclude Include="..\ComponentConvertColorToGray.h">
      <Filter>Components</Filter>
    </ClInclude>
    <ClInclude Include="..\ComponentConvertGrayToColor.h">
      <Filter>Components</Filter>
    </ClInclude>
    <ClInclude Include="..\ComponentConvertInputToColor.h">
      <Filter>Components</Filter>
    </ClInclude>
    <ClInclude Include="..\ComponentConvertInputToGray.h">
      <Filter>Components</Filter>
    </ClInclude>
    <ClInclude Include="..\ComponentCorrectMean.h">
      <Filter>Components</Filter>
    </ClInclude>
    <ClInclude Include="..\ComponentCropBinary.h">
      <Filter>Components</Filter>
    </ClInclude>
    <ClInclude Include="..\ComponentCropColor.h">
      <Filter>Components</Filter>
    </ClInclude>
    <ClInclude Include="..\ComponentCropGray.h">
      <Filter>Components</Filter>
    </ClInclude>
    <ClInclude Include="..\ComponentCropInput.h">
      <Filter>Components</Filter>
    </ClInclude>
    <ClInclude Include="..\ComponentOutputBufferedFileAVI.h">
      <Filter>Components</Filter>
    </ClInclude>
    <ClInclude Include="..\ComponentOutputSQLite.h">
      <Filter>Components</Filter>
    </ClInclude>
    <ClInclude Include="..\ComponentWeightedSum.h">
      <Filter>Components</Filter>
    </ClInclude>
    <ClInclude Include="..\ComponentTriggerCounter.h">
      <Filter>Components</Filter>
    </ClInclude>
    <ClInclude Include="..\ComponentTriggerTimer.h">
      <Filter>Components</Filter>
    </ClInclude>
    <ClInclude Include="..\ComponentInputCameraUSB.h">
      <Filter>Components</Filter>
    </ClInclude>
    <ClInclude Include="..\ComponentInputFileAVI.h">
      <Filter>Components</Filter>
    </ClInclude>
    <ClInclude Include="..\ComponentInputFileImage.h">
      <Filter>Components</Filter>
    </ClInclude>
    <ClInclude Include="..\ComponentConvertBayerToColor.h">
      <Filter>Components</Filter>
    </ClInclude>
    <ClInclude Include="..\ComponentAdaptiveBackgroundSubtractionColor.h">
      <Filter>Components</Filter>
    </ClInclude>
    <ClInclude Include="..\ComponentAdaptiveBackgroundSubtractionMedian.h">
      <Filter>Components</Filter>
    </ClInclude>
    <ClInclude Include="..\ComponentBackgroundSubtractionColor.h">
      <Filter>Components</Filter>
    </ClInclude>
    <ClInclude Include="..\ComponentCannyEdgeDetection.h">
      <Filter>Components</Filter>
    </ClInclude>
    <ClInclude Include="..\ComponentColorBlur.h">
      <Filter>Components</Filter>
    </ClInclude>
    <ClInclude Include="..\ComponentColorMask.h">
      <Filter>Components</Filter>
    </ClInclude>
    <ClInclude Include="..\ComponentSpecificColorSubtraction.h">
      <Filter>Components</Filter>
    </ClInclude>
    <ClInclude Include="..\ComponentAdaptiveThreshold.h">
      <Filter>Components</Filter>
    </ClInclude>
    <ClInclude Include="..\ComponentDoubleThresholdColorIndependent.h">
      <Filter>Components</Filter>
    </ClInclude>
    <ClInclude Include="..\ComponentThresholdColorIndependent.h">
      <Filter>Components</Filter>
    </ClInclude>
    <ClInclude Include="..\ComponentThresholdGray.h">
      <Filter>Components</Filter>
    </ClInclude>
    <ClInclude Include="..\ComponentAdaptiveBackgroundSubtractionGray.h">
      <Filter>Components</Filter>
    </ClInclude>
    <ClInclude Include="..\ComponentBackgroundSubtractionGray.h">
      <Filter>Components</Filter>
    </ClInclude>
    <ClInclude Include="..\ComponentGrayMask.h">
      <Filter>Components</Filter>
    </ClInclude>
    <ClInclude Include="..\ComponentSobelDifferentiation.h">
      <Filter>Components</Filter>
    </ClInclude>
    <ClInclude Include="..\ComponentBinaryDilation.h">
      <Filter>Components</Filter>
    </ClInclude>
    <ClInclude Include="..\ComponentBinaryErosion.h">
      <Filter>Components</Filter>
    </ClInclude>
    <ClInclude Include="..\ComponentBinaryMask.h">
      <Filter>Components</Filter>
    </ClInclude>
    <ClInclude Include="..\ComponentInvertBinary.h">
      <Filter>Components</Filter>
    </ClInclude>
    <ClInclude Include="..\ComponentMorphology.h">
      <Filter>Components</Filter>
    </ClInclude>
    <ClInclude Include="..\ComponentBlobDetectionCircularHough.h">
      <Filter>Components</Filter>
    </ClInclude>
    <ClInclude Include="..\ComponentBlobDetectionMinMax.h">
      <Filter>Components</Filter>
    </ClInclude>
    <ClInclude Include="..\ComponentBlobDetectionRedGreen.h">
      <Filter>Components</Filter>
    </ClInclude>
    <ClInclude Include="..\ComponentBlobDetectionTwoColors.h">
      <Filter>Components</Filter>
    </ClInclude>
    <ClInclude Include="..\ComponentFilterParticles.h">
      <Filter>Components</Filter>
    </ClInclude>
    <ClInclude Include="..\ComponentIDReaderRing.h">
      <Filter>Components</Filter>
    </ClInclude>
    <ClInclude Include="..\ComponentSimulationParticles.h">
      <Filter>Components</Filter>
    </ClInclude>
    <ClInclude Include="..\ObjectList.h">
      <Filter>Components</Filter>
    </ClInclude>
    <ClInclude Include="..\SimulationParticles.h">
      <Filter>Components</Filter>
    </ClInclude>
    <ClInclude Include="..\ComponentCalibrationFileTSAI.h">
      <Filter>Components</Filter>
    </ClInclude>
    <ClInclude Include="..\ComponentCalibrationLinear.h">
      <Filter>Components</Filter>
    </ClInclude>
    <ClInclude Include="..\ComponentCalibrationTSAI.h">
      <Filter>Components</Filter>
    </ClInclude>
    <ClInclude Include="..\ComponentNearestNeighborTracking.h">
      <Filter>Components</Filter>
    </ClInclude>
    <ClInclude Include="..\ComponentTrackSmoothing.h">
      <Filter>Components</Filter>
    </ClInclude>
    <ClInclude Include="..\ComponentOutputFile.h">
      <Filter>Components</Filter>
    </ClInclude>
    <ClInclude Include="..\ComponentOutputFileAVI.h">
      <Filter>Components</Filter>
    </ClInclude>
    <ClInclude Include="..\ComponentOutputFramesImages.h">
      <Filter>Components</Filter>
    </ClInclude>
    <ClInclude Include="..\ComponentOutputImageOverlayColor.h">
      <Filter>Components</Filter>
    </ClInclude>
    <ClInclude Include="..\ComponentOutputImageStatisticsBinary.h">
      <Filter>Components</Filter>
    </ClInclude>
    <ClInclude Include="..\ComponentOutputImageStatisticsColor.h">
      <Filter>Components</Filter>
    </ClInclude>
    <ClInclude Include="..\ComponentOutputImageStatisticsGray.h">
      <Filter>Components</Filter>
    </ClInclude>
    <ClInclude Include="..\ComponentOutputMarkFrameManual.h">
      <Filter>Components</Filter>
    </ClInclude>
    <ClInclude Include="..\ComponentOutputParticles.h">
      <Filter>Components</Filter>
    </ClInclude>
    <ClInclude Include="..\BlobDetection.h">
      <Filter>Components</Filter>
    </ClInclude>
    <ClInclude Include="..\BlobMatching.h">
      <Filter>Components</Filter>
    </ClInclude>
    <ClInclude Include="..\Expression.h">
      <Filter>Components</Filter>
    </ClInclude>
    <ClInclude Include="..\ExpressionNode.h">
      <Filter>Components</Filter>
    </ClInclude>
    <ClInclude Include="..\ExpressionParser.h">
      <Filter>Components</Filter>
    </ClInclude>
    <ClInclude Include="..\ImageTools.h">
      <Filter>Utility Functions</Filter>
    </ClInclude>
    <ClInclude Include="..\CompareWorkaround.h">
      <Filter>Utility Functions</Filter>
    </ClInclude>
  </ItemGroup>
</Project>