
Microsoft Visual Studio Solution File, Format Version 12.00
# Visual Studio Version 17
VisualStudioVersion = 17.1.32228.430
MinimumVisualStudioVersion = 10.0.40219.1
Project("{8BC9CEB8-8B4A-11D0-8D11-00A0C91BC942}") = "SwisTrack-GUI", "..\gui\MSVisualStudio\SwisTrack-GUI.vcxproj", "{44405FF3-5736-429E-B8E3-DE423B43038B}"
EndProject
Project("{8BC9CEB8-8B4A-11D0-8D11-00A0C91BC942}") = "SwisTrack-Core", "..\core\MSVisualStudio\SwisTrack-Core.vcxproj", "{D010B136-96BD-4D44-B4F0-30388FB460B7}"
EndProject
Project("{8BC9CEB8-8B4A-11D0-8D11-00A0C91BC942}") = "libtsai", "..\..\3rdParty\libtsai\libtsai.vcxproj", "{A10316DB-E1C4-4338-9777-4C2EB07179A6}"
EndProject
Global
	GlobalSection(SolutionConfigurationPlatforms) = preSolution
		Debug - FireWire Camera|Win32 = Debug - FireWire Camera|Win32
		Debug - FireWire Camera|x64 = Debug - FireWire Camera|x64
		Debug - GigaBit Camera|Win32 = Debug - GigaBit Camera|Win32
		Debug - GigaBit Camera|x64 = Debug - GigaBit Camera|x64
		Debug|Win32 = Debug|Win32
		Debug|x64 = Debug|x64
		Release - FireWire Camera|Win32 = Release - FireWire Camera|Win32
		Release - FireWire Camera|x64 = Release - FireWire Camera|x64
		Release - GigaBit Camera|Win32 = Release - GigaBit Camera|Win32
		Release - GigaBit Camera|x64 = Release - GigaBit Camera|x64
		Release|Win32 = Release|Win32
		Release|x64 = Release|x64
	EndGlobalSection
	GlobalSection(ProjectConfigurationPlatforms) = postSolution
		{44405FF3-5736-429E-B8E3-DE423B43038B}.Debug - FireWire Camera|Win32.ActiveCfg = Debug - FireWire Camera|Win32
		{44405FF3-5736-429E-B8E3-DE423B43038B}.Debug - FireWire Camera|Win32.Build.0 = Debug - FireWire Camera|Win32
		{44405FF3-5736-429E-B8E3-DE423B43038B}.Debug - FireWire Camera|x64.ActiveCfg = Debug - FireWire Camera|x64
		{44405FF3-5736-429E-B8E3-DE423B43038B}.Debug - FireWire Camera|x64.Build.0 = Debug - FireWire Camera|x64
		{44405FF3-5736-429E-B8E3-DE423B43038B}.Debug - GigaBit Camera|Win32.ActiveCfg = Debug - GigaBit Camera|Win32
		{44405FF3-5736-429E-B8E3-DE423B43038B}.Debug - GigaBit Camera|Win32.Build.0 = Debug - GigaBit Camera|Win32
		{44405FF3-5736-429E-B8E3-DE423B43038B}.Debug - GigaBit Camera|x64.ActiveCfg = Debug - GigaBit Camera|x64
		{44405FF3-5736-429E-B8E3-DE423B43038B}.Debug - GigaBit Camera|x64.Build.0 = Debug - GigaBit Camera|x64
		{44405FF3-5736-429E-B8E3-DE423B43038B}.Debug|Win32.ActiveCfg = Debug|Win32
		{44405FF3-5736-429E-B8E3-DE423B43038B}.Debug|Win32.Build.0 = Debug|Win32
		{44405FF3-5736-429E-B8E3-DE423B43038B}.Debug|x64.ActiveCfg = Debug|x64
		{44405FF3-5736-429E-B8E3-DE423B43038B}.Debug|x64.Build.0 = Debug|x64
		{44405FF3-5736-429E-B8E3-DE423B43038B}.Release - FireWire Camera|Win32.ActiveCfg = Release - FireWire Camera|Win32
		{44405FF3-5736-429E-B8E3-DE423B43038B}.Release - FireWire Camera|Win32.Build.0 = Release - FireWire Camera|Win32
		{44405FF3-5736-429E-B8E3-DE423B43038B}.Release - FireWire Camera|x64.ActiveCfg = Release - FireWire Camera|x64
		{44405FF3-5736-429E-B8E3-DE423B43038B}.Release - FireWire Camera|x64.Build.0 = Release - FireWire Camera|x64
		{44405FF3-5736-429E-B8E3-DE423B43038B}.Release - GigaBit Camera|Win32.ActiveCfg = Release - GigaBit Camera|Win32
		{44405FF3-5736-429E-B8E3-DE423B43038B}.Release - GigaBit Camera|Win32.Build.0 = Release - GigaBit Camera|Win32
		{44405FF3-5736-429E-B8E3-DE423B43038B}.Release - GigaBit Camera|x64.ActiveCfg = Release - GigaBit Camera|x64
		{44405FF3-5736-429E-B8E3-DE423B43038B}.Release - GigaBit Camera|x64.Build.0 = Release - GigaBit Camera|x64
		{44405FF3-5736-429E-B8E3-DE423B43038B}.Release|Win32.ActiveCfg = Release|Win32
		{44405FF3-5736-429E-B8E3-DE423B43038B}.Release|Win32.Build.0 = Release|Win32
		{44405FF3-5736-429E-B8E3-DE423B43038B}.Release|x64.ActiveCfg = Release|x64
		{44405FF3-5736-429E-B8E3-DE423B43038B}.Release|x64.Build.0 = Release|x64
		{D010B136-96BD-4D44-B4F0-30388FB460B7}.Debug - FireWire Camera|Win32.ActiveCfg = Debug - FireWire Camera|Win32
		{D010B136-96BD-4D44-B4F0-30388FB460B7}.Debug - FireWire Camera|Win32.Build.0 = Debug - FireWire Camera|Win32
		{D010B136-96BD-4D44-B4F0-30388FB460B7}.Debug - FireWire Camera|x64.ActiveCfg = Debug - FireWire Camera|x64
		{D010B136-96BD-4D44-B4F0-30388FB460B7}.Debug - FireWire Camera|x64.Build.0 = Debug - FireWire Camera|x64
		{D010B136-96BD-4D44-B4F0-30388FB460B7}.Debug - GigaBit Camera|Win32.ActiveCfg = Debug - GigaBit Camera|Win32
		{D010B136-96BD-4D44-B4F0-30388FB460B7}.Debug - GigaBit Camera|Win32.Build.0 = Debug - GigaBit Camera|Win32
		{D010B136-96BD-4D44-B4F0-30388FB460B7}.Debug - GigaBit Camera|x64.ActiveCfg = Debug - GigaBit Camera|x64
		{D010B136-96BD-4D44-B4F0-30388FB460B7}.Debug - GigaBit Camera|x64.Build.0 = Debug - GigaBit Camera|x64
		{D010B136-96BD-4D44-B4F0-30388FB460B7}.Debug|Win32.ActiveCfg = Debug|Win32
		{D010B136-96BD-4D44-B4F0-30388FB460B7}.Debug|Win32.Build.0 = Debug|Win32
		{D010B136-96BD-4D44-B4F0-30388FB460B7}.Debug|x64.ActiveCfg = Debug|x64
		{D010B136-96BD-4D44-B4F0-30388FB460B7}.Debug|x64.Build.0 = Debug|x64
		{D010B136-96BD-4D44-B4F0-30388FB460B7}.Release - FireWire Camera|Win32.ActiveCfg = Release - FireWire Camera|Win32
		{D010B136-96BD-4D44-B4F0-30388FB460B7}.Release - FireWire Camera|Win32.Build.0 = Release - FireWire Camera|Win32
		{D010B136-96BD-4D44-B4F0-30388FB460B7}.Release - FireWire Camera|x64.ActiveCfg = Release - FireWire Camera|x64
		{D010B136-96BD-4D44-B4F0-30388FB460B7}.Release - FireWire Camera|x64.Build.0 = Release - FireWire Camera|x64
		{D010B136-96BD-4D44-B4F0-30388FB460B7}.Release - GigaBit Camera|Win32.ActiveCfg = Release - GigaBit Camera|Win32
		{D010B136-96BD-4D44-B4F0-30388FB460B7}.Release - GigaBit Camera|Win32.Build.0 = Release - GigaBit Camera|Win32
		{D010B136-96BD-4D44-B4F0-30388FB460B7}.Release - GigaBit Camera|x64.ActiveCfg = Release - GigaBit Camera|x64
		{D010B136-96BD-4D44-B4F0-30388FB460B7}.Release - GigaBit Camera|x64.Build.0 = Release - GigaBit Camera|x64
		{D010B136-96BD-4D44-B4F0-30388FB460B7}.Release|Win32.ActiveCfg = Release|Win32
		{D010B136-96BD-4D44-B4F0-30388FB460B7}.Release|Win32.Build.0 = Release|Win32
		{D010B136-96BD-4D44-B4F0-30388FB460B7}.Release|x64.ActiveCfg = Release|x64
		{D010B136-96BD-4D44-B4F0-30388FB460B7}.Release|x64.Build.0 = Release|x64
		{A10316DB-E1C4-4338-9777-4C2EB07179A6}.Debug - FireWire Camera|Win32.ActiveCfg = Debug|Win32
		{A10316DB-E1C4-4338-9777-4C2EB07179A6}.Debug - FireWire Camera|Win32.Build.0 = Debug|Win32
		{A10316DB-E1C4-4338-9777-4C2EB07179A6}.Debug - FireWire Camera|x64.ActiveCfg = Debug|x64
		{A10316DB-E1C4-4338-9777-4C2EB07179A6}.Debug - FireWire Camera|x64.Build.0 = Debug|x64
		{A10316DB-E1C4-4338-9777-4C2EB07179A6}.Debug - GigaBit Camera|Win32.ActiveCfg = Debug|Win32
		{A10316DB-E1C4-4338-9777-4C2EB07179A6}.Debug - GigaBit Camera|Win32.Build.0 = Debug|Win32
		{A10316DB-E1C4-4338-9777-4C2EB07179A6}.Debug - GigaBit Camera|x64.ActiveCfg = Debug|x64
		{A10316DB-E1C4-4338-9777-4C2EB07179A6}.Debug - GigaBit Camera|x64.Build.0 = Debug|x64
		{A10316DB-E1C4-4338-9777-4C2EB07179A6}.Debug|Win32.ActiveCfg = Debug|Win32
		{A10316DB-E1C4-4338-9777-4C2EB07179A6}.Debug|Win32.Build.0 = Debug|Win32
		{A10316DB-E1C4-4338-9777-4C2EB07179A6}.Debug|x64.ActiveCfg = Debug|x64
		{A10316DB-E1C4-4338-9777-4C2EB07179A6}.Debug|x64.Build.0 = Debug|x64
		{A10316DB-E1C4-4338-9777-4C2EB07179A6}.Release - FireWire Camera|Win32.ActiveCfg = Release|Win32
		{A10316DB-E1C4-4338-9777-4C2EB07179A6}.Release - FireWire Camera|Win32.Build.0 = Release|Win32
		{A10316DB-E1C4-4338-9777-4C2EB07179A6}.Release - FireWire Camera|x64.ActiveCfg = Release|x64
		{A10316DB-E1C4-4338-9777-4C2EB07179A6}.Release - FireWire Camera|x64.Build.0 = Release|x64
		{A10316DB-E1C4-4338-9777-4C2EB07179A6}.Release - GigaBit Camera|Win32.ActiveCfg = Release|Win32
		{A10316DB-E1C4-4338-9777-4C2EB07179A6}.Release - GigaBit Camera|Win32.Build.0 = Release|Win32
		{A10316DB-E1C4-4338-9777-4C2EB07179A6}.Release - GigaBit Camera|x64.ActiveCfg = Release|x64
		{A10316DB-E1C4-4338-9777-4C2EB07179A6}.Release - GigaBit Camera|x64.Build.0 = Release|x64
		{A10316DB-E1C4-4338-9777-4C2EB07179A6}.Release|Win32.ActiveCfg = Release|Win32
		{A10316DB-E1C4-4338-9777-4C2EB07179A6}.Release|Win32.Build.0 = Release|Win32
		{A10316DB-E1C4-4338-9777-4C2EB07179A6}.Release|x64.ActiveCfg = Release|x64
		{A10316DB-E1C4-4338-9777-4C2EB07179A6}.Release|x64.Build.0 = Release|x64
	EndGlobalSection
	GlobalSection(SolutionProperties) = preSolution
		HideSolutionNode = FALSE
	EndGlobalSection
	GlobalSection(ExtensibilityGlobals) = postSolution
		SolutionGuid = {6826CAE2-9CF6-434F-9B20-38EB00B22D4D}
	EndGlobalSection
EndGlobal
