
Microsoft Visual Studio Solution File, Format Version 9.00
# Visual Studio 2005
Project("{8BC9CEB8-8B4A-11D0-8D11-00A0C91BC942}") = "SwisTrack-GUI", "..\gui\MSVisualStudio\SwisTrack-GUI.vcproj", "{44405FF3-5736-429E-B8E3-DE423B43038B}"
	ProjectSection(ProjectDependencies) = postProject
		{D010B136-96BD-4D44-B4F0-30388FB460B7} = {D010B136-96BD-4D44-B4F0-30388FB460B7}
	EndProjectSection
EndProject
Project("{8BC9CEB8-8B4A-11D0-8D11-00A0C91BC942}") = "SwisTrack-Core", "..\core\MSVisualStudio\SwisTrack-Core.vcproj", "{D010B136-96BD-4D44-B4F0-30388FB460B7}"
	ProjectSection(ProjectDependencies) = postProject
		{A10316DB-E1C4-4338-9777-4C2EB07179A6} = {A10316DB-E1C4-4338-9777-4C2EB07179A6}
	EndProjectSection
EndProject
Project("{8BC9CEB8-8B4A-11D0-8D11-00A0C91BC942}") = "libtsai", "..\libtsai\libtsai.vcproj", "{A10316DB-E1C4-4338-9777-4C2EB07179A6}"
EndProject
Global
	GlobalSection(SolutionConfigurationPlatforms) = preSolution
		Debug - FireWire Camera|Win32 = Debug - FireWire Camera|Win32
		Debug - GigaBit Camera|Win32 = Debug - GigaBit Camera|Win32
		Debug|Win32 = Debug|Win32
		Release - FireWire Camera|Win32 = Release - FireWire Camera|Win32
		Release - GigaBit Camera|Win32 = Release - GigaBit Camera|Win32
		Release|Win32 = Release|Win32
	EndGlobalSection
	GlobalSection(ProjectConfigurationPlatforms) = postSolution
		{44405FF3-5736-429E-B8E3-DE423B43038B}.Debug - FireWire Camera|Win32.ActiveCfg = Debug - FireWire Camera|Win32
		{44405FF3-5736-429E-B8E3-DE423B43038B}.Debug - FireWire Camera|Win32.Build.0 = Debug - FireWire Camera|Win32
		{44405FF3-5736-429E-B8E3-DE423B43038B}.Debug - GigaBit Camera|Win32.ActiveCfg = Debug - GigaBit Camera|Win32
		{44405FF3-5736-429E-B8E3-DE423B43038B}.Debug - GigaBit Camera|Win32.Build.0 = Debug - GigaBit Camera|Win32
		{44405FF3-5736-429E-B8E3-DE423B43038B}.Debug|Win32.ActiveCfg = Debug|Win32
		{44405FF3-5736-429E-B8E3-DE423B43038B}.Debug|Win32.Build.0 = Debug|Win32
		{44405FF3-5736-429E-B8E3-DE423B43038B}.Release - FireWire Camera|Win32.ActiveCfg = Release - GigaBit Camera|Win32
		{44405FF3-5736-429E-B8E3-DE423B43038B}.Release - FireWire Camera|Win32.Build.0 = Release - GigaBit Camera|Win32
		{44405FF3-5736-429E-B8E3-DE423B43038B}.Release - GigaBit Camera|Win32.ActiveCfg = Release - GigaBit Camera|Win32
		{44405FF3-5736-429E-B8E3-DE423B43038B}.Release - GigaBit Camera|Win32.Build.0 = Release - GigaBit Camera|Win32
		{44405FF3-5736-429E-B8E3-DE423B43038B}.Release|Win32.ActiveCfg = Release|Win32
		{44405FF3-5736-429E-B8E3-DE423B43038B}.Release|Win32.Build.0 = Release|Win32
		{D010B136-96BD-4D44-B4F0-30388FB460B7}.Debug - FireWire Camera|Win32.ActiveCfg = Debug - FireWire Camera|Win32
		{D010B136-96BD-4D44-B4F0-30388FB460B7}.Debug - FireWire Camera|Win32.Build.0 = Debug - FireWire Camera|Win32
		{D010B136-96BD-4D44-B4F0-30388FB460B7}.Debug - GigaBit Camera|Win32.ActiveCfg = Debug - GigaBit Camera|Win32
		{D010B136-96BD-4D44-B4F0-30388FB460B7}.Debug - GigaBit Camera|Win32.Build.0 = Debug - GigaBit Camera|Win32
		{D010B136-96BD-4D44-B4F0-30388FB460B7}.Debug|Win32.ActiveCfg = Debug|Win32
		{D010B136-96BD-4D44-B4F0-30388FB460B7}.Debug|Win32.Build.0 = Debug|Win32
		{D010B136-96BD-4D44-B4F0-30388FB460B7}.Release - FireWire Camera|Win32.ActiveCfg = Release - GigaBit Camera|Win32
		{D010B136-96BD-4D44-B4F0-30388FB460B7}.Release - FireWire Camera|Win32.Build.0 = Release - GigaBit Camera|Win32
		{D010B136-96BD-4D44-B4F0-30388FB460B7}.Release - GigaBit Camera|Win32.ActiveCfg = Release - GigaBit Camera|Win32
		{D010B136-96BD-4D44-B4F0-30388FB460B7}.Release - GigaBit Camera|Win32.Build.0 = Release - GigaBit Camera|Win32
		{D010B136-96BD-4D44-B4F0-30388FB460B7}.Release|Win32.ActiveCfg = Release|Win32
		{D010B136-96BD-4D44-B4F0-30388FB460B7}.Release|Win32.Build.0 = Release|Win32
		{A10316DB-E1C4-4338-9777-4C2EB07179A6}.Debug - FireWire Camera|Win32.ActiveCfg = Debug|Win32
		{A10316DB-E1C4-4338-9777-4C2EB07179A6}.Debug - FireWire Camera|Win32.Build.0 = Debug|Win32
		{A10316DB-E1C4-4338-9777-4C2EB07179A6}.Debug - GigaBit Camera|Win32.ActiveCfg = Debug|Win32
		{A10316DB-E1C4-4338-9777-4C2EB07179A6}.Debug - GigaBit Camera|Win32.Build.0 = Debug|Win32
		{A10316DB-E1C4-4338-9777-4C2EB07179A6}.Debug|Win32.ActiveCfg = Debug|Win32
		{A10316DB-E1C4-4338-9777-4C2EB07179A6}.Debug|Win32.Build.0 = Debug|Win32
		{A10316DB-E1C4-4338-9777-4C2EB07179A6}.Release - FireWire Camera|Win32.ActiveCfg = Release|Win32
		{A10316DB-E1C4-4338-9777-4C2EB07179A6}.Release - FireWire Camera|Win32.Build.0 = Release|Win32
		{A10316DB-E1C4-4338-9777-4C2EB07179A6}.Release - GigaBit Camera|Win32.ActiveCfg = Release|Win32
		{A10316DB-E1C4-4338-9777-4C2EB07179A6}.Release - GigaBit Camera|Win32.Build.0 = Release|Win32
		{A10316DB-E1C4-4338-9777-4C2EB07179A6}.Release|Win32.ActiveCfg = Release|Win32
		{A10316DB-E1C4-4338-9777-4C2EB07179A6}.Release|Win32.Build.0 = Release|Win32
	EndGlobalSection
	GlobalSection(SolutionProperties) = preSolution
		HideSolutionNode = FALSE
	EndGlobalSection
EndGlobal
